// !$*UTF8*$!
{
	archiveVersion = 1;
	classes = {
	};
	objectVersion = 55;
	objects = {

/* Begin PBXBuildFile section */
		224270102834EF57001BC7BB /* SignInApp.swift in Sources */ = {isa = PBXBuildFile; fileRef = 2242700F2834EF57001BC7BB /* SignInApp.swift */; };
		224270122834EF57001BC7BB /* ContentView.swift in Sources */ = {isa = PBXBuildFile; fileRef = 224270112834EF57001BC7BB /* ContentView.swift */; };
		224270172834EF63001BC7BB /* Preview Assets.xcassets in Resources */ = {isa = PBXBuildFile; fileRef = 224270162834EF63001BC7BB /* Preview Assets.xcassets */; };
		2242701E2834F054001BC7BB /* BlueSignInView.swift in Sources */ = {isa = PBXBuildFile; fileRef = 2242701D2834F054001BC7BB /* BlueSignInView.swift */; };
		224270222834F07C001BC7BB /* Extentions.swift in Sources */ = {isa = PBXBuildFile; fileRef = 224270212834F07C001BC7BB /* Extentions.swift */; };
		224270242834F0FF001BC7BB /* CustomTextField.swift in Sources */ = {isa = PBXBuildFile; fileRef = 224270232834F0FF001BC7BB /* CustomTextField.swift */; };
		224270262834F984001BC7BB /* GrayTextField.swift in Sources */ = {isa = PBXBuildFile; fileRef = 224270252834F983001BC7BB /* GrayTextField.swift */; };
		2242702828350FF6001BC7BB /* PurpleWhiteSignInView.swift in Sources */ = {isa = PBXBuildFile; fileRef = 2242702728350FF6001BC7BB /* PurpleWhiteSignInView.swift */; };
		2242702A28351FC9001BC7BB /* PastelBlueSignInView.swift in Sources */ = {isa = PBXBuildFile; fileRef = 2242702928351FC9001BC7BB /* PastelBlueSignInView.swift */; };
		2242702E28353F51001BC7BB /* ModernSignInView.swift in Sources */ = {isa = PBXBuildFile; fileRef = 2242702D28353F51001BC7BB /* ModernSignInView.swift */; };
		2242703028362B26001BC7BB /* YellowBlackSignInView.swift in Sources */ = {isa = PBXBuildFile; fileRef = 2242702F28362B25001BC7BB /* YellowBlackSignInView.swift */; };
		224270342837AB35001BC7BB /* DogSignInView.swift in Sources */ = {isa = PBXBuildFile; fileRef = 224270332837AB35001BC7BB /* DogSignInView.swift */; };
		227476F22854B98600BBC998 /* InstagramSignInView.swift in Sources */ = {isa = PBXBuildFile; fileRef = 227476F12854B98600BBC998 /* InstagramSignInView.swift */; };
		227476F42854C36300BBC998 /* LabelledDivider.swift in Sources */ = {isa = PBXBuildFile; fileRef = 227476F32854C36300BBC998 /* LabelledDivider.swift */; };
		227477C4286867DF00BBC998 /* UberSignInView.swift in Sources */ = {isa = PBXBuildFile; fileRef = 227477C3286867DD00BBC998 /* UberSignInView.swift */; };
		227477C6286869A100BBC998 /* Assets.xcassets in Resources */ = {isa = PBXBuildFile; fileRef = 227477C5286869A100BBC998 /* Assets.xcassets */; };
/* End PBXBuildFile section */

/* Begin PBXFileReference section */
		2242700C2834EF57001BC7BB /* SignIn.app */ = {isa = PBXFileReference; explicitFileType = wrapper.application; includeInIndex = 0; path = SignIn.app; sourceTree = BUILT_PRODUCTS_DIR; };
		2242700F2834EF57001BC7BB /* SignInApp.swift */ = {isa = PBXFileReference; lastKnownFileType = sourcecode.swift; path = SignInApp.swift; sourceTree = "<group>"; };
		224270112834EF57001BC7BB /* ContentView.swift */ = {isa = PBXFileReference; lastKnownFileType = sourcecode.swift; path = ContentView.swift; sourceTree = "<group>"; };
		224270162834EF63001BC7BB /* Preview Assets.xcassets */ = {isa = PBXFileReference; lastKnownFileType = folder.assetcatalog; path = "Preview Assets.xcassets"; sourceTree = "<group>"; };
		2242701D2834F054001BC7BB /* BlueSignInView.swift */ = {isa = PBXFileReference; lastKnownFileType = sourcecode.swift; path = BlueSignInView.swift; sourceTree = "<group>"; };
		224270212834F07C001BC7BB /* Extentions.swift */ = {isa = PBXFileReference; lastKnownFileType = sourcecode.swift; path = Extentions.swift; sourceTree = "<group>"; };
		224270232834F0FF001BC7BB /* CustomTextField.swift */ = {isa = PBXFileReference; lastKnownFileType = sourcecode.swift; path = CustomTextField.swift; sourceTree = "<group>"; };
		224270252834F983001BC7BB /* GrayTextField.swift */ = {isa = PBXFileReference; lastKnownFileType = sourcecode.swift; path = GrayTextField.swift; sourceTree = "<group>"; };
		2242702728350FF6001BC7BB /* PurpleWhiteSignInView.swift */ = {isa = PBXFileReference; lastKnownFileType = sourcecode.swift; path = PurpleWhiteSignInView.swift; sourceTree = "<group>"; };
		2242702928351FC9001BC7BB /* PastelBlueSignInView.swift */ = {isa = PBXFileReference; lastKnownFileType = sourcecode.swift; path = PastelBlueSignInView.swift; sourceTree = "<group>"; };
		2242702D28353F51001BC7BB /* ModernSignInView.swift */ = {isa = PBXFileReference; lastKnownFileType = sourcecode.swift; path = ModernSignInView.swift; sourceTree = "<group>"; };
		2242702F28362B25001BC7BB /* YellowBlackSignInView.swift */ = {isa = PBXFileReference; lastKnownFileType = sourcecode.swift; path = YellowBlackSignInView.swift; sourceTree = "<group>"; };
		224270332837AB35001BC7BB /* DogSignInView.swift */ = {isa = PBXFileReference; lastKnownFileType = sourcecode.swift; path = DogSignInView.swift; sourceTree = "<group>"; };
		227476F12854B98600BBC998 /* InstagramSignInView.swift */ = {isa = PBXFileReference; lastKnownFileType = sourcecode.swift; path = InstagramSignInView.swift; sourceTree = "<group>"; };
		227476F32854C36300BBC998 /* LabelledDivider.swift */ = {isa = PBXFileReference; lastKnownFileType = sourcecode.swift; path = LabelledDivider.swift; sourceTree = "<group>"; };
		227477C3286867DD00BBC998 /* UberSignInView.swift */ = {isa = PBXFileReference; lastKnownFileType = sourcecode.swift; path = UberSignInView.swift; sourceTree = "<group>"; };
		227477C5286869A100BBC998 /* Assets.xcassets */ = {isa = PBXFileReference; lastKnownFileType = folder.assetcatalog; path = Assets.xcassets; sourceTree = "<group>"; };
/* End PBXFileReference section */

/* Begin PBXFrameworksBuildPhase section */
		224270092834EF57001BC7BB /* Frameworks */ = {
			isa = PBXFrameworksBuildPhase;
			buildActionMask = 2147483647;
			files = (
			);
			runOnlyForDeploymentPostprocessing = 0;
		};
/* End PBXFrameworksBuildPhase section */

/* Begin PBXGroup section */
		224270032834EF57001BC7BB = {
			isa = PBXGroup;
			children = (
				2242700E2834EF57001BC7BB /* SignIn */,
				2242700D2834EF57001BC7BB /* Products */,
			);
			sourceTree = "<group>";
		};
		2242700D2834EF57001BC7BB /* Products */ = {
			isa = PBXGroup;
			children = (
				2242700C2834EF57001BC7BB /* SignIn.app */,
			);
			name = Products;
			sourceTree = "<group>";
		};
		2242700E2834EF57001BC7BB /* SignIn */ = {
			isa = PBXGroup;
			children = (
				2242700F2834EF57001BC7BB /* SignInApp.swift */,
				224270112834EF57001BC7BB /* ContentView.swift */,
				224270202834F06A001BC7BB /* Components */,
				2242701F2834F059001BC7BB /* Views */,
				224270212834F07C001BC7BB /* Extentions.swift */,
				227477C5286869A100BBC998 /* Assets.xcassets */,
				224270152834EF63001BC7BB /* Preview Content */,
			);
			path = SignIn;
			sourceTree = "<group>";
		};
		224270152834EF63001BC7BB /* Preview Content */ = {
			isa = PBXGroup;
			children = (
				224270162834EF63001BC7BB /* Preview Assets.xcassets */,
			);
			path = "Preview Content";
			sourceTree = "<group>";
		};
		2242701F2834F059001BC7BB /* Views */ = {
			isa = PBXGroup;
			children = (
				2242701D2834F054001BC7BB /* BlueSignInView.swift */,
				2242702728350FF6001BC7BB /* PurpleWhiteSignInView.swift */,
				2242702928351FC9001BC7BB /* PastelBlueSignInView.swift */,
				2242702D28353F51001BC7BB /* ModernSignInView.swift */,
				2242702F28362B25001BC7BB /* YellowBlackSignInView.swift */,
				224270332837AB35001BC7BB /* DogSignInView.swift */,
				227476F12854B98600BBC998 /* InstagramSignInView.swift */,
				227477C3286867DD00BBC998 /* UberSignInView.swift */,
			);
			path = Views;
			sourceTree = "<group>";
		};
		224270202834F06A001BC7BB /* Components */ = {
			isa = PBXGroup;
			children = (
				224270232834F0FF001BC7BB /* CustomTextField.swift */,
				224270252834F983001BC7BB /* GrayTextField.swift */,
				227476F32854C36300BBC998 /* LabelledDivider.swift */,
			);
			path = Components;
			sourceTree = "<group>";
		};
/* End PBXGroup section */

/* Begin PBXNativeTarget section */
		2242700B2834EF57001BC7BB /* SignIn */ = {
			isa = PBXNativeTarget;
			buildConfigurationList = 2242701A2834EF63001BC7BB /* Build configuration list for PBXNativeTarget "SignIn" */;
			buildPhases = (
				224270082834EF57001BC7BB /* Sources */,
				224270092834EF57001BC7BB /* Frameworks */,
				2242700A2834EF57001BC7BB /* Resources */,
			);
			buildRules = (
			);
			dependencies = (
			);
			name = SignIn;
			productName = SignIn;
			productReference = 2242700C2834EF57001BC7BB /* SignIn.app */;
			productType = "com.apple.product-type.application";
		};
/* End PBXNativeTarget section */

/* Begin PBXProject section */
		224270042834EF57001BC7BB /* Project object */ = {
			isa = PBXProject;
			attributes = {
				BuildIndependentTargetsInParallel = 1;
				LastSwiftUpdateCheck = 1300;
				LastUpgradeCheck = 1300;
				TargetAttributes = {
					2242700B2834EF57001BC7BB = {
						CreatedOnToolsVersion = 13.0;
					};
				};
			};
			buildConfigurationList = 224270072834EF57001BC7BB /* Build configuration list for PBXProject "SignIn" */;
			compatibilityVersion = "Xcode 13.0";
			developmentRegion = en;
			hasScannedForEncodings = 0;
			knownRegions = (
				en,
				Base,
			);
			mainGroup = 224270032834EF57001BC7BB;
			productRefGroup = 2242700D2834EF57001BC7BB /* Products */;
			projectDirPath = "";
			projectRoot = "";
			targets = (
				2242700B2834EF57001BC7BB /* SignIn */,
			);
		};
/* End PBXProject section */

/* Begin PBXResourcesBuildPhase section */
		2242700A2834EF57001BC7BB /* Resources */ = {
			isa = PBXResourcesBuildPhase;
			buildActionMask = 2147483647;
			files = (
				227477C6286869A100BBC998 /* Assets.xcassets in Resources */,
				224270172834EF63001BC7BB /* Preview Assets.xcassets in Resources */,
			);
			runOnlyForDeploymentPostprocessing = 0;
		};
/* End PBXResourcesBuildPhase section */

/* Begin PBXSourcesBuildPhase section */
		224270082834EF57001BC7BB /* Sources */ = {
			isa = PBXSourcesBuildPhase;
			buildActionMask = 2147483647;
			files = (
				227477C4286867DF00BBC998 /* UberSignInView.swift in Sources */,
				227476F42854C36300BBC998 /* LabelledDivider.swift in Sources */,
				2242703028362B26001BC7BB /* YellowBlackSignInView.swift in Sources */,
				224270222834F07C001BC7BB /* Extentions.swift in Sources */,
				2242702E28353F51001BC7BB /* ModernSignInView.swift in Sources */,
				224270122834EF57001BC7BB /* ContentView.swift in Sources */,
				224270342837AB35001BC7BB /* DogSignInView.swift in Sources */,
				227476F22854B98600BBC998 /* InstagramSignInView.swift in Sources */,
				2242701E2834F054001BC7BB /* BlueSignInView.swift in Sources */,
				2242702A28351FC9001BC7BB /* PastelBlueSignInView.swift in Sources */,
				224270102834EF57001BC7BB /* SignInApp.swift in Sources */,
				224270262834F984001BC7BB /* GrayTextField.swift in Sources */,
				224270242834F0FF001BC7BB /* CustomTextField.swift in Sources */,
				2242702828350FF6001BC7BB /* PurpleWhiteSignInView.swift in Sources */,
			);
			runOnlyForDeploymentPostprocessing = 0;
		};
/* End PBXSourcesBuildPhase section */

/* Begin XCBuildConfiguration section */
		224270182834EF63001BC7BB /* Debug */ = {
			isa = XCBuildConfiguration;
			buildSettings = {
				ALWAYS_SEARCH_USER_PATHS = NO;
				CLANG_ANALYZER_NONNULL = YES;
				CLANG_ANALYZER_NUMBER_OBJECT_CONVERSION = YES_AGGRESSIVE;
				CLANG_CXX_LANGUAGE_STANDARD = "gnu++17";
				CLANG_CXX_LIBRARY = "libc++";
				CLANG_ENABLE_MODULES = YES;
				CLANG_ENABLE_OBJC_ARC = YES;
				CLANG_ENABLE_OBJC_WEAK = YES;
				CLANG_WARN_BLOCK_CAPTURE_AUTORELEASING = YES;
				CLANG_WARN_BOOL_CONVERSION = YES;
				CLANG_WARN_COMMA = YES;
				CLANG_WARN_CONSTANT_CONVERSION = YES;
				CLANG_WARN_DEPRECATED_OBJC_IMPLEMENTATIONS = YES;
				CLANG_WARN_DIRECT_OBJC_ISA_USAGE = YES_ERROR;
				CLANG_WARN_DOCUMENTATION_COMMENTS = YES;
				CLANG_WARN_EMPTY_BODY = YES;
				CLANG_WARN_ENUM_CONVERSION = YES;
				CLANG_WARN_INFINITE_RECURSION = YES;
				CLANG_WARN_INT_CONVERSION = YES;
				CLANG_WARN_NON_LITERAL_NULL_CONVERSION = YES;
				CLANG_WARN_OBJC_IMPLICIT_RETAIN_SELF = YES;
				CLANG_WARN_OBJC_LITERAL_CONVERSION = YES;
				CLANG_WARN_OBJC_ROOT_CLASS = YES_ERROR;
				CLANG_WARN_QUOTED_INCLUDE_IN_FRAMEWORK_HEADER = YES;
				CLANG_WARN_RANGE_LOOP_ANALYSIS = YES;
				CLANG_WARN_STRICT_PROTOTYPES = YES;
				CLANG_WARN_SUSPICIOUS_MOVE = YES;
				CLANG_WARN_UNGUARDED_AVAILABILITY = YES_AGGRESSIVE;
				CLANG_WARN_UNREACHABLE_CODE = YES;
				CLANG_WARN__DUPLICATE_METHOD_MATCH = YES;
				COPY_PHASE_STRIP = NO;
				DEBUG_INFORMATION_FORMAT = dwarf;
				ENABLE_STRICT_OBJC_MSGSEND = YES;
				ENABLE_TESTABILITY = YES;
				GCC_C_LANGUAGE_STANDARD = gnu11;
				GCC_DYNAMIC_NO_PIC = NO;
				GCC_NO_COMMON_BLOCKS = YES;
				GCC_OPTIMIZATION_LEVEL = 0;
				GCC_PREPROCESSOR_DEFINITIONS = (
					"DEBUG=1",
					"$(inherited)",
				);
				GCC_WARN_64_TO_32_BIT_CONVERSION = YES;
				GCC_WARN_ABOUT_RETURN_TYPE = YES_ERROR;
				GCC_WARN_UNDECLARED_SELECTOR = YES;
				GCC_WARN_UNINITIALIZED_AUTOS = YES_AGGRESSIVE;
				GCC_WARN_UNUSED_FUNCTION = YES;
				GCC_WARN_UNUSED_VARIABLE = YES;
				IPHONEOS_DEPLOYMENT_TARGET = 15.0;
				MTL_ENABLE_DEBUG_INFO = INCLUDE_SOURCE;
				MTL_FAST_MATH = YES;
				ONLY_ACTIVE_ARCH = YES;
				SDKROOT = iphoneos;
				SWIFT_ACTIVE_COMPILATION_CONDITIONS = DEBUG;
				SWIFT_OPTIMIZATION_LEVEL = "-Onone";
			};
			name = Debug;
		};
		224270192834EF63001BC7BB /* Release */ = {
			isa = XCBuildConfiguration;
			buildSettings = {
				ALWAYS_SEARCH_USER_PATHS = NO;
				CLANG_ANALYZER_NONNULL = YES;
				CLANG_ANALYZER_NUMBER_OBJECT_CONVERSION = YES_AGGRESSIVE;
				CLANG_CXX_LANGUAGE_STANDARD = "gnu++17";
				CLANG_CXX_LIBRARY = "libc++";
				CLANG_ENABLE_MODULES = YES;
				CLANG_ENABLE_OBJC_ARC = YES;
				CLANG_ENABLE_OBJC_WEAK = YES;
				CLANG_WARN_BLOCK_CAPTURE_AUTORELEASING = YES;
				CLANG_WARN_BOOL_CONVERSION = YES;
				CLANG_WARN_COMMA = YES;
				CLANG_WARN_CONSTANT_CONVERSION = YES;
				CLANG_WARN_DEPRECATED_OBJC_IMPLEMENTATIONS = YES;
				CLANG_WARN_DIRECT_OBJC_ISA_USAGE = YES_ERROR;
				CLANG_WARN_DOCUMENTATION_COMMENTS = YES;
				CLANG_WARN_EMPTY_BODY = YES;
				CLANG_WARN_ENUM_CONVERSION = YES;
				CLANG_WARN_INFINITE_RECURSION = YES;
				CLANG_WARN_INT_CONVERSION = YES;
				CLANG_WARN_NON_LITERAL_NULL_CONVERSION = YES;
				CLANG_WARN_OBJC_IMPLICIT_RETAIN_SELF = YES;
				CLANG_WARN_OBJC_LITERAL_CONVERSION = YES;
				CLANG_WARN_OBJC_ROOT_CLASS = YES_ERROR;
				CLANG_WARN_QUOTED_INCLUDE_IN_FRAMEWORK_HEADER = YES;
				CLANG_WARN_RANGE_LOOP_ANALYSIS = YES;
				CLANG_WARN_STRICT_PROTOTYPES = YES;
				CLANG_WARN_SUSPICIOUS_MOVE = YES;
				CLANG_WARN_UNGUARDED_AVAILABILITY = YES_AGGRESSIVE;
				CLANG_WARN_UNREACHABLE_CODE = YES;
				CLANG_WARN__DUPLICATE_METHOD_MATCH = YES;
				COPY_PHASE_STRIP = NO;
				DEBUG_INFORMATION_FORMAT = "dwarf-with-dsym";
				ENABLE_NS_ASSERTIONS = NO;
				ENABLE_STRICT_OBJC_MSGSEND = YES;
				GCC_C_LANGUAGE_STANDARD = gnu11;
				GCC_NO_COMMON_BLOCKS = YES;
				GCC_WARN_64_TO_32_BIT_CONVERSION = YES;
				GCC_WARN_ABOUT_RETURN_TYPE = YES_ERROR;
				GCC_WARN_UNDECLARED_SELECTOR = YES;
				GCC_WARN_UNINITIALIZED_AUTOS = YES_AGGRESSIVE;
				GCC_WARN_UNUSED_FUNCTION = YES;
				GCC_WARN_UNUSED_VARIABLE = YES;
				IPHONEOS_DEPLOYMENT_TARGET = 15.0;
				MTL_ENABLE_DEBUG_INFO = NO;
				MTL_FAST_MATH = YES;
				SDKROOT = iphoneos;
				SWIFT_COMPILATION_MODE = wholemodule;
				SWIFT_OPTIMIZATION_LEVEL = "-O";
				VALIDATE_PRODUCT = YES;
			};
			name = Release;
		};
		2242701B2834EF63001BC7BB /* Debug */ = {
			isa = XCBuildConfiguration;
			buildSettings = {
				ASSETCATALOG_COMPILER_APPICON_NAME = AppIcon;
				ASSETCATALOG_COMPILER_GLOBAL_ACCENT_COLOR_NAME = AccentColor;
				CODE_SIGN_STYLE = Automatic;
				CURRENT_PROJECT_VERSION = 1;
				DEVELOPMENT_ASSET_PATHS = "\"SignIn/Preview Content\"";
				DEVELOPMENT_TEAM = 3P5872A6DS;
				ENABLE_PREVIEWS = YES;
				GENERATE_INFOPLIST_FILE = YES;
				INFOPLIST_KEY_UIApplicationSceneManifest_Generation = YES;
				INFOPLIST_KEY_UIApplicationSupportsIndirectInputEvents = YES;
				INFOPLIST_KEY_UILaunchScreen_Generation = YES;
				INFOPLIST_KEY_UISupportedInterfaceOrientations_iPad = "UIInterfaceOrientationPortrait UIInterfaceOrientationPortraitUpsideDown UIInterfaceOrientationLandscapeLeft UIInterfaceOrientationLandscapeRight";
				INFOPLIST_KEY_UISupportedInterfaceOrientations_iPhone = "UIInterfaceOrientationPortrait UIInterfaceOrientationLandscapeLeft UIInterfaceOrientationLandscapeRight";
				IPHONEOS_DEPLOYMENT_TARGET = 15.0;
				LD_RUNPATH_SEARCH_PATHS = (
					"$(inherited)",
					"@executable_path/Frameworks",
				);
				MARKETING_VERSION = 1.0;
				PRODUCT_BUNDLE_IDENTIFIER = "com.michal-michalik.SignIn";
				PRODUCT_NAME = "$(TARGET_NAME)";
				SWIFT_EMIT_LOC_STRINGS = YES;
				SWIFT_VERSION = 5.0;
				TARGETED_DEVICE_FAMILY = "1,2";
			};
			name = Debug;
		};
		2242701C2834EF63001BC7BB /* Release */ = {
			isa = XCBuildConfiguration;
			buildSettings = {
				ASSETCATALOG_COMPILER_APPICON_NAME = AppIcon;
				ASSETCATALOG_COMPILER_GLOBAL_ACCENT_COLOR_NAME = AccentColor;
				CODE_SIGN_STYLE = Automatic;
				CURRENT_PROJECT_VERSION = 1;
				DEVELOPMENT_ASSET_PATHS = "\"SignIn/Preview Content\"";
				DEVELOPMENT_TEAM = 3P5872A6DS;
				ENABLE_PREVIEWS = YES;
				GENERATE_INFOPLIST_FILE = YES;
				INFOPLIST_KEY_UIApplicationSceneManifest_Generation = YES;
				INFOPLIST_KEY_UIApplicationSupportsIndirectInputEvents = YES;
				INFOPLIST_KEY_UILaunchScreen_Generation = YES;
				INFOPLIST_KEY_UISupportedInterfaceOrientations_iPad = "UIInterfaceOrientationPortrait UIInterfaceOrientationPortraitUpsideDown UIInterfaceOrientationLandscapeLeft UIInterfaceOrientationLandscapeRight";
				INFOPLIST_KEY_UISupportedInterfaceOrientations_iPhone = "UIInterfaceOrientationPortrait UIInterfaceOrientationLandscapeLeft UIInterfaceOrientationLandscapeRight";
				IPHONEOS_DEPLOYMENT_TARGET = 15.0;
				LD_RUNPATH_SEARCH_PATHS = (
					"$(inherited)",
					"@executable_path/Frameworks",
				);
				MARKETING_VERSION = 1.0;
				PRODUCT_BUNDLE_IDENTIFIER = "com.michal-michalik.SignIn";
				PRODUCT_NAME = "$(TARGET_NAME)";
				SWIFT_EMIT_LOC_STRINGS = YES;
				SWIFT_VERSION = 5.0;
				TARGETED_DEVICE_FAMILY = "1,2";
			};
			name = Release;
		};
/* End XCBuildConfiguration section */

/* Begin XCConfigurationList section */
		224270072834EF57001BC7BB /* Build configuration list for PBXProject "SignIn" */ = {
			isa = XCConfigurationList;
			buildConfigurations = (
				224270182834EF63001BC7BB /* Debug */,
				224270192834EF63001BC7BB /* Release */,
			);
			defaultConfigurationIsVisible = 0;
			defaultConfigurationName = Release;
		};
		2242701A2834EF63001BC7BB /* Build configuration list for PBXNativeTarget "SignIn" */ = {
			isa = XCConfigurationList;
			buildConfigurations = (
				2242701B2834EF63001BC7BB /* Debug */,
				2242701C2834EF63001BC7BB /* Release */,
			);
			defaultConfigurationIsVisible = 0;
			defaultConfigurationName = Release;
		};
/* End XCConfigurationList section */
	};
	rootObject = 224270042834EF57001BC7BB /* Project object */;
}
